{
  "version": 4,
  "terraform_version": "0.12.26",
  "serial": 12,
  "lineage": "abbb62cb-4464-9c85-a527-0c50d133fe37",
  "outputs": {},
  "resources": [
    {
      "mode": "managed",
      "type": "aws_instance",
      "name": "web",
      "provider": "provider.aws",
      "instances": [
        {
          "schema_version": 1,
          "attributes": {
            "ami": "ami-0b44050b2d893d5f7",
            "arn": "arn:aws:ec2:ap-south-1:450822338552:instance/i-00d22ea7e5ff0fe28",
            "associate_public_ip_address": true,
            "availability_zone": "ap-south-1b",
            "cpu_core_count": 1,
            "cpu_threads_per_core": 1,
            "credit_specification": [
              {
                "cpu_credits": "standard"
              }
            ],
            "disable_api_termination": false,
            "ebs_block_device": [],
            "ebs_optimized": false,
            "ephemeral_block_device": [],
            "get_password_data": false,
            "hibernation": false,
            "host_id": null,
            "iam_instance_profile": "",
            "id": "i-00d22ea7e5ff0fe28",
            "instance_initiated_shutdown_behavior": null,
            "instance_state": "running",
            "instance_type": "t2.micro",
            "ipv6_address_count": 0,
            "ipv6_addresses": [],
            "key_name": "login",
            "metadata_options": [
              {
                "http_endpoint": "enabled",
                "http_put_response_hop_limit": 1,
                "http_tokens": "optional"
              }
            ],
            "monitoring": false,
            "network_interface": [],
            "network_interface_id": null,
            "outpost_arn": "",
            "password_data": "",
            "placement_group": "",
            "primary_network_interface_id": "eni-010aaf2688cdddc1f",
            "private_dns": "ip-172-31-13-204.ap-south-1.compute.internal",
            "private_ip": "172.31.13.204",
            "public_dns": "ec2-13-127-145-174.ap-south-1.compute.amazonaws.com",
            "public_ip": "13.127.145.174",
            "root_block_device": [
              {
                "delete_on_termination": true,
                "device_name": "/dev/sda1",
                "encrypted": false,
                "iops": 100,
                "kms_key_id": "",
                "volume_id": "vol-026c9193793692c58",
                "volume_size": 8,
                "volume_type": "gp2"
              }
            ],
            "security_groups": [
              "websg"
            ],
            "source_dest_check": true,
            "subnet_id": "subnet-e6ab24aa",
            "tags": {
              "Name": "web"
            },
            "tenancy": "default",
            "timeouts": null,
            "user_data": null,
            "user_data_base64": null,
            "volume_tags": {},
            "vpc_security_group_ids": [
              "sg-0c34d93e0e5504a7f"
            ]
          },
          "private": "eyJlMmJmYjczMC1lY2FhLTExZTYtOGY4OC0zNDM2M2JjN2M0YzAiOnsiY3JlYXRlIjo2MDAwMDAwMDAwMDAsImRlbGV0ZSI6MTIwMDAwMDAwMDAwMCwidXBkYXRlIjo2MDAwMDAwMDAwMDB9LCJzY2hlbWFfdmVyc2lvbiI6IjEifQ==",
          "dependencies": [
            "aws_key_pair.web"
          ]
        }
      ]
    },
    {
      "mode": "managed",
      "type": "aws_key_pair",
      "name": "web",
      "provider": "provider.aws",
      "instances": [
        {
          "schema_version": 1,
          "attributes": {
            "fingerprint": "06:08:fa:23:8f:dd:7b:37:c8:17:fc:59:6d:13:35:74",
            "id": "login",
            "key_name": "login",
            "key_name_prefix": null,
            "key_pair_id": "key-0dbee382cb57c1e2d",
            "public_key": "ssh-rsa AAAAB3NzaC1yc2EAAAADAQABAAABAQCt/r7/8oIC8Dz5JN7R+W4FgyngDpLbnPviYWn2TRARcJnLAPCOamKe7kvwrHXIy8Inww7eQdieZcP5d9rh5XrkMqgSjAoHqqmZ/lxhfIbJ8EaPk8mOT/inElYA8UxzPLPs8lHjbEKqHqRg7jKUNEi6BNutYFT+B1+RywMH15VnJ07I1rAaTxmkQZJjpBlB17SofbI3LUCZWZxLn3YwDClrKHq2zdnrIMlZ4uSD8H6zlItQ6TH7N2JJ1mqvi/Re7EokW+fEsSJ2c9V0GudOmZz3KnvQexHFafGg4F/38Aw/33S/R5+4JaaeKAEknpHYcXUqLdd1nO+DHmoPNxxx1kyJ ec2-user@ip-172-31-40-88.ap-south-1.compute.internal",
            "tags": {}
          },
          "private": "eyJzY2hlbWFfdmVyc2lvbiI6IjEifQ=="
        }
      ]
    },
    {
      "mode": "managed",
      "type": "aws_security_group",
      "name": "web",
      "provider": "provider.aws",
      "instances": [
        {
          "schema_version": 1,
          "attributes": {
            "arn": "arn:aws:ec2:ap-south-1:450822338552:security-group/sg-0c34d93e0e5504a7f",
            "description": "allow all",
            "egress": [
              {
                "cidr_blocks": [
                  "0.0.0.0/0"
                ],
                "description": "",
                "from_port": 0,
                "ipv6_cidr_blocks": [],
                "prefix_list_ids": [],
                "protocol": "-1",
                "security_groups": [],
                "self": false,
                "to_port": 0
              }
            ],
            "id": "sg-0c34d93e0e5504a7f",
            "ingress": [
              {
                "cidr_blocks": [
                  "0.0.0.0/0"
                ],
                "description": "TLS from VPC",
                "from_port": 22,
                "ipv6_cidr_blocks": [],
                "prefix_list_ids": [],
                "protocol": "tcp",
                "security_groups": [],
                "self": false,
                "to_port": 22
              },
              {
                "cidr_blocks": [
                  "0.0.0.0/0"
                ],
                "description": "TLS from VPC",
                "from_port": 80,
                "ipv6_cidr_blocks": [],
                "prefix_list_ids": [],
                "protocol": "tcp",
                "security_groups": [],
                "self": false,
                "to_port": 80
              }
            ],
            "name": "websg",
            "name_prefix": null,
            "owner_id": "450822338552",
            "revoke_rules_on_delete": false,
            "tags": {
              "Name": "allow_tls"
            },
            "timeouts": null,
            "vpc_id": "vpc-219fae49"
          },
          "private": "eyJlMmJmYjczMC1lY2FhLTExZTYtOGY4OC0zNDM2M2JjN2M0YzAiOnsiY3JlYXRlIjo2MDAwMDAwMDAwMDAsImRlbGV0ZSI6NjAwMDAwMDAwMDAwfSwic2NoZW1hX3ZlcnNpb24iOiIxIn0="
        }
      ]
    }
  ]
}
