{
  "version": 4,
  "terraform_version": "0.12.26",
  "serial": 1,
  "lineage": "8aa23f28-096a-3a5a-64a6-369e414d11c1",
  "outputs": {},
  "resources": [
    {
      "mode": "managed",
      "type": "aws_ebs_volume",
      "name": "vol",
      "provider": "provider.aws",
      "instances": [
        {
          "schema_version": 0,
          "attributes": {
            "arn": "arn:aws:ec2:ap-south-1:450822338552:volume/vol-05908a162d0f299cb",
            "availability_zone": "ap-south-1a",
            "encrypted": false,
            "id": "vol-05908a162d0f299cb",
            "iops": 100,
            "kms_key_id": "",
            "multi_attach_enabled": false,
            "outpost_arn": "",
            "size": 1,
            "snapshot_id": "",
            "tags": {
              "Name": "vol"
            },
            "type": "gp2"
          },
          "private": "bnVsbA=="
        }
      ]
    }
  ]
}
